PODS:
  - CocoaLumberjack (3.7.0):
    - CocoaLumberjack/Core (= 3.7.0)
  - CocoaLumberjack/Core (3.7.0)
  - CYWebViewProgressView (0.0.1)
  - FMDB (2.6.2):
    - FMDB/standard (= 2.6.2)
  - FMDB/standard (2.6.2)
  - MBProgressHUD (1.0.0)
  - Reachability (3.2)
  - SDWebImage (4.4.8):
    - SDWebImage/Core (= 4.4.8)
  - SDWebImage/Core (4.4.8)
  - SVPullToRefresh (0.4.1)
  - SZTextView (1.3.0)
  - TTTAttributedLabel (2.0.0)

DEPENDENCIES:
  - CocoaLumberjack
  - CYWebViewProgressView (from `https://github.com/AlbertChen/CYWebViewProgressView.git`)
  - FMDB (~> 2.6.2)
  - MBProgressHUD (~> 1.0.0)
  - Reachability (~> 3.2)
  - SDWebImage (~> 4.0)
  - SVPullToRefresh (~> 0.4.1)
  - SZTextView (~> 1.3.0)
  - TTTAttributedLabel (~> 2.0.0)

SPEC REPOS:
  trunk:
    - CocoaLumberjack
    - FMDB
    - MBProgressHUD
    - Reachability
    - SDWebImage
    - SVPullToRefresh
    - SZTextView
    - TTTAttributedLabel

EXTERNAL SOURCES:
  CYWebViewProgressView:
    :git: https://github.com/AlbertChen/CYWebViewProgressView.git

CHECKOUT OPTIONS:
  CYWebViewProgressView:
    :commit: fce467a474cebd6845b9c33e56e715189673cffd
    :git: https://github.com/AlbertChen/CYWebViewProgressView.git

SPEC CHECKSUMS:
  CocoaLumberjack: e8955b9d337ac307103b0a34fd141c32f27e53c5
  CYWebViewProgressView: cd5832e6239d5bb9c343212fbb07e9800d62a6f2
  FMDB: 854a0341b4726e53276f2a8996f06f1b80f9259a
  MBProgressHUD: 4890f671c94e8a0f3cf959aa731e9de2f036d71a
  Reachability: 33e18b67625424e47b6cde6d202dce689ad7af96
  SDWebImage: 783af2c3fa36291a250030c4752ee370a9a51d13
  SVPullToRefresh: ba2e718695a43253d8bea6852d2960097dc15d8c
  SZTextView: 094dc6acc9beec537685c545d6e3e0d4975174e1
  TTTAttributedLabel: 8cffe8e127e4e82ff3af1e5386d4cd0ad000b656

PODFILE CHECKSUM: cdfa29ad77ac92ed210a1e763f53dd49d2a35280

COCOAPODS: 1.9.1
